
Microsoft Visual Studio Solution File, Format Version 12.00
# Visual Studio 15
VisualStudioVersion = 15.0.27130.2027
MinimumVisualStudioVersion = 10.0.40219.1
Project("{9A19103F-16F7-4668-BE54-9A1E7A4F7556}") = "HackneyAddressesAPI", "HackneyAddressesAPI\HackneyAddressesAPI.csproj", "{8967A8FF-D46B-4AA6-AD09-22EBDC78C4D5}"
EndProject
Global
	GlobalSection(SolutionConfigurationPlatforms) = preSolution
		Debug|Any CPU = Debug|Any CPU
		Release|Any CPU = Release|Any CPU
	EndGlobalSection
	GlobalSection(ProjectConfigurationPlatforms) = postSolution
		{8967A8FF-D46B-4AA6-AD09-22EBDC78C4D5}.Debug|Any CPU.ActiveCfg = Debug|Any CPU
		{8967A8FF-D46B-4AA6-AD09-22EBDC78C4D5}.Debug|Any CPU.Build.0 = Debug|Any CPU
		{8967A8FF-D46B-4AA6-AD09-22EBDC78C4D5}.Release|Any CPU.ActiveCfg = Release|Any CPU
		{8967A8FF-D46B-4AA6-AD09-22EBDC78C4D5}.Release|Any CPU.Build.0 = Release|Any CPU
	EndGlobalSection
	GlobalSection(SolutionProperties) = preSolution
		HideSolutionNode = FALSE
	EndGlobalSection
	GlobalSection(ExtensibilityGlobals) = postSolution
		SolutionGuid = {98F29D16-8308-41F4-9B60-69D9F7590845}
	EndGlobalSection
EndGlobal
